
Microsoft Visual Studio Solution File, Format Version 12.00
# Visual Studio 2013
VisualStudioVersion = 12.0.31101.0
MinimumVisualStudioVersion = 10.0.40219.1
Project("{FAE04EC0-301F-11D3-BF4B-00C04F79EFBC}") = "KuliahZone.Domain", "KuliahZone.Domain\KuliahZone.Domain.csproj", "{5C655BBF-8A5B-4F8D-8FF6-54512AA11919}"
EndProject
Project("{FAE04EC0-301F-11D3-BF4B-00C04F79EFBC}") = "KuliahZone.Domain.Test", "KuliahZone.Domain.Test\KuliahZone.Domain.Test.csproj", "{CCC0DEC1-5790-4913-8860-E2B4FE6E616F}"
EndProject
Project("{FAE04EC0-301F-11D3-BF4B-00C04F79EFBC}") = "KuliahZone.Persistence", "KuliahZone.Persistence\KuliahZone.Persistence.csproj", "{89ADDDFD-88AB-4652-9108-E4E1D974D860}"
EndProject
Global
	GlobalSection(SolutionConfigurationPlatforms) = preSolution
		Debug|Any CPU = Debug|Any CPU
		Release|Any CPU = Release|Any CPU
	EndGlobalSection
	GlobalSection(ProjectConfigurationPlatforms) = postSolution
		{5C655BBF-8A5B-4F8D-8FF6-54512AA11919}.Debug|Any CPU.ActiveCfg = Debug|Any CPU
		{5C655BBF-8A5B-4F8D-8FF6-54512AA11919}.Debug|Any CPU.Build.0 = Debug|Any CPU
		{5C655BBF-8A5B-4F8D-8FF6-54512AA11919}.Release|Any CPU.ActiveCfg = Release|Any CPU
		{5C655BBF-8A5B-4F8D-8FF6-54512AA11919}.Release|Any CPU.Build.0 = Release|Any CPU
		{CCC0DEC1-5790-4913-8860-E2B4FE6E616F}.Debug|Any CPU.ActiveCfg = Debug|Any CPU
		{CCC0DEC1-5790-4913-8860-E2B4FE6E616F}.Debug|Any CPU.Build.0 = Debug|Any CPU
		{CCC0DEC1-5790-4913-8860-E2B4FE6E616F}.Release|Any CPU.ActiveCfg = Release|Any CPU
		{CCC0DEC1-5790-4913-8860-E2B4FE6E616F}.Release|Any CPU.Build.0 = Release|Any CPU
		{89ADDDFD-88AB-4652-9108-E4E1D974D860}.Debug|Any CPU.ActiveCfg = Debug|Any CPU
		{89ADDDFD-88AB-4652-9108-E4E1D974D860}.Debug|Any CPU.Build.0 = Debug|Any CPU
		{89ADDDFD-88AB-4652-9108-E4E1D974D860}.Release|Any CPU.ActiveCfg = Release|Any CPU
		{89ADDDFD-88AB-4652-9108-E4E1D974D860}.Release|Any CPU.Build.0 = Release|Any CPU
	EndGlobalSection
	GlobalSection(SolutionProperties) = preSolution
		HideSolutionNode = FALSE
	EndGlobalSection
EndGlobal
